# THIS IS AN AUTOGENERATED FILE. DO NOT EDIT THIS FILE DIRECTLY.
# yarn lockfile v1


cordova-plugin-chrome-apps-sockets-udp@^1.3.0:
  version "1.3.0"
  resolved "https://registry.yarnpkg.com/cordova-plugin-chrome-apps-sockets-udp/-/cordova-plugin-chrome-apps-sockets-udp-1.3.0.tgz#582e790fab7b23346954c713f177cbe4a3d40eff"
  integrity sha1-WC55D6t7IzRpVMcT8XfL5KPUDv8=
